
Microsoft Visual Studio Solution File, Format Version 12.00
Project("{FAE04EC0-301F-11D3-BF4B-00C04F79EFBC}") = "PrototipoREPL", "PrototipoREPL\PrototipoREPL.csproj", "{4F751093-7702-4C5B-B451-96870AACA185}"
EndProject
Project("{FAE04EC0-301F-11D3-BF4B-00C04F79EFBC}") = "PrototipoREPL.Contracts", "PrototipoREPL.Contracts\PrototipoREPL.Contracts.csproj", "{0EA8340B-721F-423C-931E-385C49D34F4D}"
EndProject
Project("{FAE04EC0-301F-11D3-BF4B-00C04F79EFBC}") = "PrototipoREPL.Engine", "PrototipoREPL.Engine\PrototipoREPL.Engine.csproj", "{D842A115-BF5C-463C-A1E6-1A97BEE5738B}"
EndProject
Global
	GlobalSection(SolutionConfigurationPlatforms) = preSolution
		Debug|Any CPU = Debug|Any CPU
		Release|Any CPU = Release|Any CPU
	EndGlobalSection
	GlobalSection(ProjectConfigurationPlatforms) = postSolution
		{4F751093-7702-4C5B-B451-96870AACA185}.Debug|Any CPU.ActiveCfg = Debug|Any CPU
		{4F751093-7702-4C5B-B451-96870AACA185}.Debug|Any CPU.Build.0 = Debug|Any CPU
		{4F751093-7702-4C5B-B451-96870AACA185}.Release|Any CPU.ActiveCfg = Release|Any CPU
		{4F751093-7702-4C5B-B451-96870AACA185}.Release|Any CPU.Build.0 = Release|Any CPU
		{0EA8340B-721F-423C-931E-385C49D34F4D}.Debug|Any CPU.ActiveCfg = Debug|Any CPU
		{0EA8340B-721F-423C-931E-385C49D34F4D}.Debug|Any CPU.Build.0 = Debug|Any CPU
		{0EA8340B-721F-423C-931E-385C49D34F4D}.Release|Any CPU.ActiveCfg = Release|Any CPU
		{0EA8340B-721F-423C-931E-385C49D34F4D}.Release|Any CPU.Build.0 = Release|Any CPU
		{D842A115-BF5C-463C-A1E6-1A97BEE5738B}.Debug|Any CPU.ActiveCfg = Debug|Any CPU
		{D842A115-BF5C-463C-A1E6-1A97BEE5738B}.Debug|Any CPU.Build.0 = Debug|Any CPU
		{D842A115-BF5C-463C-A1E6-1A97BEE5738B}.Release|Any CPU.ActiveCfg = Release|Any CPU
		{D842A115-BF5C-463C-A1E6-1A97BEE5738B}.Release|Any CPU.Build.0 = Release|Any CPU
	EndGlobalSection
EndGlobal
